
Microsoft Visual Studio Solution File, Format Version 12.00
# Visual Studio Version 17
VisualStudioVersion = 17.11.35327.3
MinimumVisualStudioVersion = 10.0.40219.1
Project("{FAE04EC0-301F-11D3-BF4B-00C04F79EFBC}") = "multiplication table", "multiplication table\multiplication table.csproj", "{247A41FE-1057-45AF-9B28-43C7219B7379}"
EndProject
Global
	GlobalSection(SolutionConfigurationPlatforms) = preSolution
		Debug|Any CPU = Debug|Any CPU
		Release|Any CPU = Release|Any CPU
	EndGlobalSection
	GlobalSection(ProjectConfigurationPlatforms) = postSolution
		{247A41FE-1057-45AF-9B28-43C7219B7379}.Debug|Any CPU.ActiveCfg = Debug|Any CPU
		{247A41FE-1057-45AF-9B28-43C7219B7379}.Debug|Any CPU.Build.0 = Debug|Any CPU
		{247A41FE-1057-45AF-9B28-43C7219B7379}.Release|Any CPU.ActiveCfg = Release|Any CPU
		{247A41FE-1057-45AF-9B28-43C7219B7379}.Release|Any CPU.Build.0 = Release|Any CPU
	EndGlobalSection
	GlobalSection(SolutionProperties) = preSolution
		HideSolutionNode = FALSE
	EndGlobalSection
	GlobalSection(ExtensibilityGlobals) = postSolution
		SolutionGuid = {F43FFC49-5292-40A1-A8A8-164B444689CF}
	EndGlobalSection
EndGlobal
